{
  "version": 4,
  "terraform_version": "1.1.8",
  "serial": 1,
  "lineage": "9c5704ef-7ef3-f5af-5cbf-471714ff5fa9",
  "outputs": {},
  "resources": [
    {
      "mode": "managed",
      "type": "local_file",
      "name": "sample_res",
      "provider": "provider[\"registry.terraform.io/hashicorp/local\"]",
      "instances": [
        {
          "schema_version": 0,
          "attributes": {
            "content": "14",
            "content_base64": null,
            "directory_permission": "0777",
            "file_permission": "0777",
            "filename": "sample.txt",
            "id": "fa35e192121eabf3dabf9f5ea6abdbcbc107ac3b",
            "sensitive_content": null,
            "source": null
          },
          "sensitive_attributes": [],
          "private": "bnVsbA=="
        }
      ]
    }
  ]
}
