{
  "version": 4,
  "terraform_version": "1.1.8",
  "serial": 4,
  "lineage": "b11641df-88ad-0eb6-0190-d6a2a5f6352e",
  "outputs": {},
  "resources": [
    {
      "mode": "managed",
      "type": "local_file",
      "name": "sample_res",
      "provider": "provider[\"registry.terraform.io/hashicorp/local\"]",
      "instances": [
        {
          "schema_version": 0,
          "attributes": {
            "content": "I love Terraform",
            "content_base64": null,
            "directory_permission": "0777",
            "file_permission": "0777",
            "filename": "sample.txt",
            "id": "f0702396afaf73d3f0a3d14376a3196589381e01",
            "sensitive_content": null,
            "source": null
          },
          "sensitive_attributes": [],
          "private": "bnVsbA=="
        }
      ]
    }
  ]
}
